
Microsoft Visual Studio Solution File, Format Version 12.00
# Visual Studio Version 16
VisualStudioVersion = 16.0.29709.97
MinimumVisualStudioVersion = 10.0.40219.1
Project("{8BC9CEB8-8B4A-11D0-8D11-00A0C91BC942}") = "SDLTests", "SDLTests\SDLTests.vcxproj", "{D1FA74B7-C7FF-43F6-8716-DFF574725FB6}"
EndProject
Global
	GlobalSection(SolutionConfigurationPlatforms) = preSolution
		Debug|x64 = Debug|x64
		Debug|x86 = Debug|x86
		Release|x64 = Release|x64
		Release|x86 = Release|x86
	EndGlobalSection
	GlobalSection(ProjectConfigurationPlatforms) = postSolution
		{D1FA74B7-C7FF-43F6-8716-DFF574725FB6}.Debug|x64.ActiveCfg = Debug|x64
		{D1FA74B7-C7FF-43F6-8716-DFF574725FB6}.Debug|x64.Build.0 = Debug|x64
		{D1FA74B7-C7FF-43F6-8716-DFF574725FB6}.Debug|x86.ActiveCfg = Debug|Win32
		{D1FA74B7-C7FF-43F6-8716-DFF574725FB6}.Debug|x86.Build.0 = Debug|Win32
		{D1FA74B7-C7FF-43F6-8716-DFF574725FB6}.Release|x64.ActiveCfg = Release|x64
		{D1FA74B7-C7FF-43F6-8716-DFF574725FB6}.Release|x64.Build.0 = Release|x64
		{D1FA74B7-C7FF-43F6-8716-DFF574725FB6}.Release|x86.ActiveCfg = Release|Win32
		{D1FA74B7-C7FF-43F6-8716-DFF574725FB6}.Release|x86.Build.0 = Release|Win32
	EndGlobalSection
	GlobalSection(SolutionProperties) = preSolution
		HideSolutionNode = FALSE
	EndGlobalSection
	GlobalSection(ExtensibilityGlobals) = postSolution
		SolutionGuid = {A8A4AEAF-3919-480E-8719-86F7826A476C}
	EndGlobalSection
EndGlobal
